
Microsoft Visual Studio Solution File, Format Version 12.00
# Visual Studio Version 16
VisualStudioVersion = 16.0.31729.503
MinimumVisualStudioVersion = 10.0.40219.1
Project("{FAE04EC0-301F-11D3-BF4B-00C04F79EFBC}") = "TodoList", "TodoList.csproj", "{8D2165AC-BB12-4F15-A968-27D3D0FE3D47}"
EndProject
Global
	GlobalSection(SolutionConfigurationPlatforms) = preSolution
		Debug|Any CPU = Debug|Any CPU
		Release|Any CPU = Release|Any CPU
	EndGlobalSection
	GlobalSection(ProjectConfigurationPlatforms) = postSolution
		{8D2165AC-BB12-4F15-A968-27D3D0FE3D47}.Debug|Any CPU.ActiveCfg = Debug|Any CPU
		{8D2165AC-BB12-4F15-A968-27D3D0FE3D47}.Debug|Any CPU.Build.0 = Debug|Any CPU
		{8D2165AC-BB12-4F15-A968-27D3D0FE3D47}.Release|Any CPU.ActiveCfg = Release|Any CPU
		{8D2165AC-BB12-4F15-A968-27D3D0FE3D47}.Release|Any CPU.Build.0 = Release|Any CPU
	EndGlobalSection
	GlobalSection(SolutionProperties) = preSolution
		HideSolutionNode = FALSE
	EndGlobalSection
	GlobalSection(ExtensibilityGlobals) = postSolution
		SolutionGuid = {F41D9B4A-55CD-41C1-828A-AAC2D09C00CC}
	EndGlobalSection
EndGlobal
